{
  "lockfileVersion": 1,
  "workspaces": {
    "": {
      "name": "app",
      "dependencies": {
        "@elysiajs/cors": "^1.3.3",
        "@elysiajs/jwt": "^1.3.3",
        "@supabase/supabase-js": "^2.57.2",
        "dotenv": "^17.2.2",
        "elysia": "latest",
        "elysia-autoroutes": "^0.5.0"
      },
      "devDependencies": {
        "@types/bun": "latest",
        "bun-types": "latest"
      },
      "peerDependencies": {
        "typescript": "^5"
      }
    }
  },
  "packages": {
    "@borewit/text-codec": [
      "@borewit/text-codec@0.1.1",
      "",
      {},
      "sha512-5L/uBxmjaCIX5h8Z+uu+kA9BQLkc/Wl06UGR5ajNRxu+/XjonB5i8JpgFMrPj3LXTCPA0pv8yxUvbUi+QthGGA=="
    ],

    "@elysiajs/cors": [
      "@elysiajs/cors@1.3.3",
      "",
      { "peerDependencies": { "elysia": ">= 1.3.0" } },
      "sha512-mYIU6PyMM6xIJuj7d27Vt0/wuzVKIEnFPjcvlkyd7t/m9xspAG37cwNjFxVOnyvY43oOd2I/oW2DB85utXpA2Q=="
    ],

    "@elysiajs/jwt": [
      "@elysiajs/jwt@1.3.3",
      "",
      {
        "dependencies": { "jose": "^6.0.11" },
        "peerDependencies": { "elysia": ">= 1.3.0" }
      },
      "sha512-smceSqQdVoIXXdg63DRgyAoeJLoCxE9XYLiujSl7HYYhM+KUGEG2SPVqilJ+z6XjrML5VlcpKROhaXvTMzEW8Q=="
    ],

    "@sinclair/typebox": [
      "@sinclair/typebox@0.34.41",
      "",
      {},
      "sha512-6gS8pZzSXdyRHTIqoqSVknxolr1kzfy4/CeDnrzsVz8TTIWUbOBr6gnzOmTYJ3eXQNh4IYHIGi5aIL7sOZ2G/g=="
    ],

    "@supabase/auth-js": [
      "@supabase/auth-js@2.71.1",
      "",
      { "dependencies": { "@supabase/node-fetch": "^2.6.14" } },
      "sha512-mMIQHBRc+SKpZFRB2qtupuzulaUhFYupNyxqDj5Jp/LyPvcWvjaJzZzObv6URtL/O6lPxkanASnotGtNpS3H2Q=="
    ],

    "@supabase/functions-js": [
      "@supabase/functions-js@2.4.5",
      "",
      { "dependencies": { "@supabase/node-fetch": "^2.6.14" } },
      "sha512-v5GSqb9zbosquTo6gBwIiq7W9eQ7rE5QazsK/ezNiQXdCbY+bH8D9qEaBIkhVvX4ZRW5rP03gEfw5yw9tiq4EQ=="
    ],

    "@supabase/node-fetch": [
      "@supabase/node-fetch@2.6.15",
      "",
      { "dependencies": { "whatwg-url": "^5.0.0" } },
      "sha512-1ibVeYUacxWYi9i0cf5efil6adJ9WRyZBLivgjs+AUpewx1F3xPi7gLgaASI2SmIQxPoCEjAsLAzKPgMJVgOUQ=="
    ],

    "@supabase/postgrest-js": [
      "@supabase/postgrest-js@1.21.3",
      "",
      { "dependencies": { "@supabase/node-fetch": "^2.6.14" } },
      "sha512-rg3DmmZQKEVCreXq6Am29hMVe1CzemXyIWVYyyua69y6XubfP+DzGfLxME/1uvdgwqdoaPbtjBDpEBhqxq1ZwA=="
    ],

    "@supabase/realtime-js": [
      "@supabase/realtime-js@2.15.5",
      "",
      {
        "dependencies": {
          "@supabase/node-fetch": "^2.6.13",
          "@types/phoenix": "^1.6.6",
          "@types/ws": "^8.18.1",
          "ws": "^8.18.2"
        }
      },
      "sha512-/Rs5Vqu9jejRD8ZeuaWXebdkH+J7V6VySbCZ/zQM93Ta5y3mAmocjioa/nzlB6qvFmyylUgKVS1KpE212t30OA=="
    ],

    "@supabase/storage-js": [
      "@supabase/storage-js@2.11.1",
      "",
      { "dependencies": { "@supabase/node-fetch": "^2.6.14" } },
      "sha512-kaKCJZcZrHDCO9L76bEPzNv2caCStOigOUioHw7CvdEzvcSKjVuomRfN2Y9EqXmJH4tEHoBi3tCs/Ye2e3HwDw=="
    ],

    "@supabase/supabase-js": [
      "@supabase/supabase-js@2.57.2",
      "",
      {
        "dependencies": {
          "@supabase/auth-js": "2.71.1",
          "@supabase/functions-js": "2.4.5",
          "@supabase/node-fetch": "2.6.15",
          "@supabase/postgrest-js": "1.21.3",
          "@supabase/realtime-js": "2.15.5",
          "@supabase/storage-js": "^2.10.4"
        }
      },
      "sha512-MxaZqZKUPK1ExzOilgSZqCPCxVPjevUrh6bcWz1SrDZexFc9VJ2cJbVP1EG1hKQx/bfLdTUjIZMoIrYpYqAPYw=="
    ],

    "@tokenizer/inflate": [
      "@tokenizer/inflate@0.2.7",
      "",
      {
        "dependencies": {
          "debug": "^4.4.0",
          "fflate": "^0.8.2",
          "token-types": "^6.0.0"
        }
      },
      "sha512-MADQgmZT1eKjp06jpI2yozxaU9uVs4GzzgSL+uEq7bVcJ9V1ZXQkeGNql1fsSI0gMy1vhvNTNbUqrx+pZfJVmg=="
    ],

    "@tokenizer/token": [
      "@tokenizer/token@0.3.0",
      "",
      {},
      "sha512-OvjF+z51L3ov0OyAU0duzsYuvO01PH7x4t6DJx+guahgTnBHkhJdG7soQeTSFLWN3efnHyibZ4Z8l2EuWwJN3A=="
    ],

    "@types/bun": [
      "@types/bun@1.2.21",
      "",
      { "dependencies": { "bun-types": "1.2.21" } },
      "sha512-NiDnvEqmbfQ6dmZ3EeUO577s4P5bf4HCTXtI6trMc6f6RzirY5IrF3aIookuSpyslFzrnvv2lmEWv5HyC1X79A=="
    ],

    "@types/node": [
      "@types/node@24.3.1",
      "",
      { "dependencies": { "undici-types": "~7.10.0" } },
      "sha512-3vXmQDXy+woz+gnrTvuvNrPzekOi+Ds0ReMxw0LzBiK3a+1k0kQn9f2NWk+lgD4rJehFUmYy2gMhJ2ZI+7YP9g=="
    ],

    "@types/phoenix": [
      "@types/phoenix@1.6.6",
      "",
      {},
      "sha512-PIzZZlEppgrpoT2QgbnDU+MMzuR6BbCjllj0bM70lWoejMeNJAxCchxnv7J3XFkI8MpygtRpzXrIlmWUBclP5A=="
    ],

    "@types/react": [
      "@types/react@19.1.12",
      "",
      { "dependencies": { "csstype": "^3.0.2" } },
      "sha512-cMoR+FoAf/Jyq6+Df2/Z41jISvGZZ2eTlnsaJRptmZ76Caldwy1odD4xTr/gNV9VLj0AWgg/nmkevIyUfIIq5w=="
    ],

    "@types/ws": [
      "@types/ws@8.18.1",
      "",
      { "dependencies": { "@types/node": "*" } },
      "sha512-ThVF6DCVhA8kUGy+aazFQ4kXQ7E1Ty7A3ypFOe0IcJV8O/M511G99AW24irKrW56Wt44yG9+ij8FaqoBGkuBXg=="
    ],

    "bun-types": [
      "bun-types@1.2.21",
      "",
      {
        "dependencies": { "@types/node": "*" },
        "peerDependencies": { "@types/react": "^19" }
      },
      "sha512-sa2Tj77Ijc/NTLS0/Odjq/qngmEPZfbfnOERi0KRUYhT9R8M4VBioWVmMWE5GrYbKMc+5lVybXygLdibHaqVqw=="
    ],

    "cookie": [
      "cookie@1.0.2",
      "",
      {},
      "sha512-9Kr/j4O16ISv8zBBhJoi4bXOYNTkFLOqSL3UDB0njXxCXNezjeyVrJyGOWtgfs/q2km1gwBcfH8q1yEGoMYunA=="
    ],

    "csstype": [
      "csstype@3.1.3",
      "",
      {},
      "sha512-M1uQkMl8rQK/szD0LNhtqxIPLpimGm8sOBwU7lLnCpSbTyY3yeU1Vc7l4KT5zT4s/yOxHH5O7tIuuLOCnLADRw=="
    ],

    "debug": [
      "debug@4.4.1",
      "",
      { "dependencies": { "ms": "^2.1.3" } },
      "sha512-KcKCqiftBJcZr++7ykoDIEwSa3XWowTfNPo92BYxjXiyYEVrUQh2aLyhxBCwww+heortUFxEJYcRzosstTEBYQ=="
    ],

    "dotenv": [
      "dotenv@17.2.2",
      "",
      {},
      "sha512-Sf2LSQP+bOlhKWWyhFsn0UsfdK/kCWRv1iuA2gXAwt3dyNabr6QSj00I2V10pidqz69soatm9ZwZvpQMTIOd5Q=="
    ],

    "elysia": [
      "elysia@1.3.21",
      "",
      {
        "dependencies": {
          "cookie": "^1.0.2",
          "exact-mirror": "0.1.6",
          "fast-decode-uri-component": "^1.0.1"
        },
        "optionalDependencies": {
          "@sinclair/typebox": "^0.34.33",
          "openapi-types": "^12.1.3"
        },
        "peerDependencies": {
          "file-type": ">= 20.0.0",
          "typescript": ">= 5.0.0"
        }
      },
      "sha512-LLfDSoVA5fBoqKQfMJyzmHLkya8zMbEYwd7DS7v2iQB706mgzWg0gufXl58cFALErcvSayplrkDvjkmlYTkIZQ=="
    ],

    "elysia-autoroutes": [
      "elysia-autoroutes@0.5.0",
      "",
      { "peerDependencies": { "elysia": "^0.8.0" } },
      "sha512-FO04YnxmUmG8ht2MgnVnOQKjxXCfhB3bJTNqNlNpvDxknEPb3Ya93PMiFiN1CxdF6nBDQlto4YK3z5Gx+25/Xg=="
    ],

    "exact-mirror": [
      "exact-mirror@0.1.6",
      "",
      {
        "peerDependencies": { "@sinclair/typebox": "^0.34.15" },
        "optionalPeers": ["@sinclair/typebox"]
      },
      "sha512-EXGDixoDotCGrXCce63zmGHDA+3Id6PPkIwshBHuB10dwVc4YV4gfaYLuysHOxyURmwyt4UL186ann0oYa2CFQ=="
    ],

    "fast-decode-uri-component": [
      "fast-decode-uri-component@1.0.1",
      "",
      {},
      "sha512-WKgKWg5eUxvRZGwW8FvfbaH7AXSh2cL+3j5fMGzUMCxWBJ3dV3a7Wz8y2f/uQ0e3B6WmodD3oS54jTQ9HVTIIg=="
    ],

    "fflate": [
      "fflate@0.8.2",
      "",
      {},
      "sha512-cPJU47OaAoCbg0pBvzsgpTPhmhqI5eJjh/JIu8tPj5q+T7iLvW/JAYUqmE7KOB4R1ZyEhzBaIQpQpardBF5z8A=="
    ],

    "file-type": [
      "file-type@21.0.0",
      "",
      {
        "dependencies": {
          "@tokenizer/inflate": "^0.2.7",
          "strtok3": "^10.2.2",
          "token-types": "^6.0.0",
          "uint8array-extras": "^1.4.0"
        }
      },
      "sha512-ek5xNX2YBYlXhiUXui3D/BXa3LdqPmoLJ7rqEx2bKJ7EAUEfmXgW0Das7Dc6Nr9MvqaOnIqiPV0mZk/r/UpNAg=="
    ],

    "ieee754": [
      "ieee754@1.2.1",
      "",
      {},
      "sha512-dcyqhDvX1C46lXZcVqCpK+FtMRQVdIMN6/Df5js2zouUsqG7I6sFxitIC+7KYK29KdXOLHdu9zL4sFnoVQnqaA=="
    ],

    "jose": [
      "jose@6.1.0",
      "",
      {},
      "sha512-TTQJyoEoKcC1lscpVDCSsVgYzUDg/0Bt3WE//WiTPK6uOCQC2KZS4MpugbMWt/zyjkopgZoXhZuCi00gLudfUA=="
    ],

    "ms": [
      "ms@2.1.3",
      "",
      {},
      "sha512-6FlzubTLZG3J2a/NVCAleEhjzq5oxgHyaCU9yYXvcLsvoVaHJq/s5xXI6/XXP6tz7R9xAOtHnSO/tXtF3WRTlA=="
    ],

    "openapi-types": [
      "openapi-types@12.1.3",
      "",
      {},
      "sha512-N4YtSYJqghVu4iek2ZUvcN/0aqH1kRDuNqzcycDxhOUpg7GdvLa2F3DgS6yBNhInhv2r/6I0Flkn7CqL8+nIcw=="
    ],

    "strtok3": [
      "strtok3@10.3.4",
      "",
      { "dependencies": { "@tokenizer/token": "^0.3.0" } },
      "sha512-KIy5nylvC5le1OdaaoCJ07L+8iQzJHGH6pWDuzS+d07Cu7n1MZ2x26P8ZKIWfbK02+XIL8Mp4RkWeqdUCrDMfg=="
    ],

    "token-types": [
      "token-types@6.1.1",
      "",
      {
        "dependencies": {
          "@borewit/text-codec": "^0.1.0",
          "@tokenizer/token": "^0.3.0",
          "ieee754": "^1.2.1"
        }
      },
      "sha512-kh9LVIWH5CnL63Ipf0jhlBIy0UsrMj/NJDfpsy1SqOXlLKEVyXXYrnFxFT1yOOYVGBSApeVnjPw/sBz5BfEjAQ=="
    ],

    "tr46": [
      "tr46@0.0.3",
      "",
      {},
      "sha512-N3WMsuqV66lT30CrXNbEjx4GEwlow3v6rr4mCcv6prnfwhS01rkgyFdjPNBYd9br7LpXV1+Emh01fHnq2Gdgrw=="
    ],

    "typescript": [
      "typescript@5.9.2",
      "",
      { "bin": { "tsc": "bin/tsc", "tsserver": "bin/tsserver" } },
      "sha512-CWBzXQrc/qOkhidw1OzBTQuYRbfyxDXJMVJ1XNwUHGROVmuaeiEm3OslpZ1RV96d7SKKjZKrSJu3+t/xlw3R9A=="
    ],

    "uint8array-extras": [
      "uint8array-extras@1.5.0",
      "",
      {},
      "sha512-rvKSBiC5zqCCiDZ9kAOszZcDvdAHwwIKJG33Ykj43OKcWsnmcBRL09YTU4nOeHZ8Y2a7l1MgTd08SBe9A8Qj6A=="
    ],

    "undici-types": [
      "undici-types@7.10.0",
      "",
      {},
      "sha512-t5Fy/nfn+14LuOc2KNYg75vZqClpAiqscVvMygNnlsHBFpSXdJaYtXMcdNLpl/Qvc3P2cB3s6lOV51nqsFq4ag=="
    ],

    "webidl-conversions": [
      "webidl-conversions@3.0.1",
      "",
      {},
      "sha512-2JAn3z8AR6rjK8Sm8orRC0h/bcl/DqL7tRPdGZ4I1CjdF+EaMLmYxBHyXuKL849eucPFhvBoxMsflfOb8kxaeQ=="
    ],

    "whatwg-url": [
      "whatwg-url@5.0.0",
      "",
      { "dependencies": { "tr46": "~0.0.3", "webidl-conversions": "^3.0.0" } },
      "sha512-saE57nupxk6v3HY35+jzBwYa0rKSy0XR8JSxZPwgLr7ys0IBzhGviA1/TUGJLmSVqs8pb9AnvICXEuOHLprYTw=="
    ],

    "ws": [
      "ws@8.18.3",
      "",
      {
        "peerDependencies": {
          "bufferutil": "^4.0.1",
          "utf-8-validate": ">=5.0.2"
        },
        "optionalPeers": ["bufferutil", "utf-8-validate"]
      },
      "sha512-PEIGCY5tSlUt50cqyMXfCzX+oOPqN0vuGqWzbcJ2xvnkzkq46oOpz7dQaTDBdfICb4N14+GARUDw2XV2N4tvzg=="
    ]
  }
}
